// !$*UTF8*$!
{
	archiveVersion = 1;
	classes = {
	};
	objectVersion = 46;
	objects = {

/* Begin PBXBuildFile section */
		C101FEA91E07662000EE8724 /* AppDelegate.swift in Sources */ = {isa = PBXBuildFile; fileRef = C101FEA81E07662000EE8724 /* AppDelegate.swift */; };
		C101FEAB1E07662000EE8724 /* RecordSoundsViewController.swift in Sources */ = {isa = PBXBuildFile; fileRef = C101FEAA1E07662000EE8724 /* RecordSoundsViewController.swift */; };
		C101FEAE1E07662000EE8724 /* Main.storyboard in Resources */ = {isa = PBXBuildFile; fileRef = C101FEAC1E07662000EE8724 /* Main.storyboard */; };
		C101FEB01E07662000EE8724 /* Assets.xcassets in Resources */ = {isa = PBXBuildFile; fileRef = C101FEAF1E07662000EE8724 /* Assets.xcassets */; };
		C101FEB31E07662000EE8724 /* LaunchScreen.storyboard in Resources */ = {isa = PBXBuildFile; fileRef = C101FEB11E07662000EE8724 /* LaunchScreen.storyboard */; };
		C101FEBB1E08BB2200EE8724 /* PlaySoundsViewController.swift in Sources */ = {isa = PBXBuildFile; fileRef = C101FEBA1E08BB2200EE8724 /* PlaySoundsViewController.swift */; };
		C101FEBD1E08DC7200EE8724 /* playsoundsviewcontroller-audio.swift in Sources */ = {isa = PBXBuildFile; fileRef = C101FEBC1E08DC7200EE8724 /* playsoundsviewcontroller-audio.swift */; };
/* End PBXBuildFile section */

/* Begin PBXFileReference section */
		C101FEA51E07662000EE8724 /* Pitch Perfect.app */ = {isa = PBXFileReference; explicitFileType = wrapper.application; includeInIndex = 0; path = "Pitch Perfect.app"; sourceTree = BUILT_PRODUCTS_DIR; };
		C101FEA81E07662000EE8724 /* AppDelegate.swift */ = {isa = PBXFileReference; lastKnownFileType = sourcecode.swift; path = AppDelegate.swift; sourceTree = "<group>"; };
		C101FEAA1E07662000EE8724 /* RecordSoundsViewController.swift */ = {isa = PBXFileReference; lastKnownFileType = sourcecode.swift; path = RecordSoundsViewController.swift; sourceTree = "<group>"; };
		C101FEAD1E07662000EE8724 /* Base */ = {isa = PBXFileReference; lastKnownFileType = file.storyboard; name = Base; path = Base.lproj/Main.storyboard; sourceTree = "<group>"; };
		C101FEAF1E07662000EE8724 /* Assets.xcassets */ = {isa = PBXFileReference; lastKnownFileType = folder.assetcatalog; path = Assets.xcassets; sourceTree = "<group>"; };
		C101FEB21E07662000EE8724 /* Base */ = {isa = PBXFileReference; lastKnownFileType = file.storyboard; name = Base; path = Base.lproj/LaunchScreen.storyboard; sourceTree = "<group>"; };
		C101FEB41E07662000EE8724 /* Info.plist */ = {isa = PBXFileReference; lastKnownFileType = text.plist.xml; path = Info.plist; sourceTree = "<group>"; };
		C101FEBA1E08BB2200EE8724 /* PlaySoundsViewController.swift */ = {isa = PBXFileReference; fileEncoding = 4; lastKnownFileType = sourcecode.swift; path = PlaySoundsViewController.swift; sourceTree = "<group>"; };
		C101FEBC1E08DC7200EE8724 /* playsoundsviewcontroller-audio.swift */ = {isa = PBXFileReference; fileEncoding = 4; lastKnownFileType = sourcecode.swift; path = "playsoundsviewcontroller-audio.swift"; sourceTree = "<group>"; };
/* End PBXFileReference section */

/* Begin PBXFrameworksBuildPhase section */
		C101FEA21E07662000EE8724 /* Frameworks */ = {
			isa = PBXFrameworksBuildPhase;
			buildActionMask = 2147483647;
			files = (
			);
			runOnlyForDeploymentPostprocessing = 0;
		};
/* End PBXFrameworksBuildPhase section */

/* Begin PBXGroup section */
		C101FE9C1E07662000EE8724 = {
			isa = PBXGroup;
			children = (
				C101FEA71E07662000EE8724 /* Pitch Perfect */,
				C101FEA61E07662000EE8724 /* Products */,
			);
			sourceTree = "<group>";
		};
		C101FEA61E07662000EE8724 /* Products */ = {
			isa = PBXGroup;
			children = (
				C101FEA51E07662000EE8724 /* Pitch Perfect.app */,
			);
			name = Products;
			sourceTree = "<group>";
		};
		C101FEA71E07662000EE8724 /* Pitch Perfect */ = {
			isa = PBXGroup;
			children = (
				C101FEA81E07662000EE8724 /* AppDelegate.swift */,
				C101FEAA1E07662000EE8724 /* RecordSoundsViewController.swift */,
				C101FEAC1E07662000EE8724 /* Main.storyboard */,
				C101FEBA1E08BB2200EE8724 /* PlaySoundsViewController.swift */,
				C101FEAF1E07662000EE8724 /* Assets.xcassets */,
				C101FEB11E07662000EE8724 /* LaunchScreen.storyboard */,
				C101FEB41E07662000EE8724 /* Info.plist */,
				C101FEBC1E08DC7200EE8724 /* playsoundsviewcontroller-audio.swift */,
			);
			path = "Pitch Perfect";
			sourceTree = "<group>";
		};
/* End PBXGroup section */

/* Begin PBXNativeTarget section */
		C101FEA41E07662000EE8724 /* Pitch Perfect */ = {
			isa = PBXNativeTarget;
			buildConfigurationList = C101FEB71E07662000EE8724 /* Build configuration list for PBXNativeTarget "Pitch Perfect" */;
			buildPhases = (
				C101FEA11E07662000EE8724 /* Sources */,
				C101FEA21E07662000EE8724 /* Frameworks */,
				C101FEA31E07662000EE8724 /* Resources */,
			);
			buildRules = (
			);
			dependencies = (
			);
			name = "Pitch Perfect";
			productName = "Pitch Perfect";
			productReference = C101FEA51E07662000EE8724 /* Pitch Perfect.app */;
			productType = "com.apple.product-type.application";
		};
/* End PBXNativeTarget section */

/* Begin PBXProject section */
		C101FE9D1E07662000EE8724 /* Project object */ = {
			isa = PBXProject;
			attributes = {
				LastSwiftUpdateCheck = 0820;
				LastUpgradeCheck = 0820;
				ORGANIZATIONNAME = "Terry Wonycott";
				TargetAttributes = {
					C101FEA41E07662000EE8724 = {
						CreatedOnToolsVersion = 8.2;
						DevelopmentTeam = DEUE62SGNB;
						ProvisioningStyle = Automatic;
					};
				};
			};
			buildConfigurationList = C101FEA01E07662000EE8724 /* Build configuration list for PBXProject "Pitch Perfect" */;
			compatibilityVersion = "Xcode 3.2";
			developmentRegion = English;
			hasScannedForEncodings = 0;
			knownRegions = (
				en,
				Base,
			);
			mainGroup = C101FE9C1E07662000EE8724;
			productRefGroup = C101FEA61E07662000EE8724 /* Products */;
			projectDirPath = "";
			projectRoot = "";
			targets = (
				C101FEA41E07662000EE8724 /* Pitch Perfect */,
			);
		};
/* End PBXProject section */

/* Begin PBXResourcesBuildPhase section */
		C101FEA31E07662000EE8724 /* Resources */ = {
			isa = PBXResourcesBuildPhase;
			buildActionMask = 2147483647;
			files = (
				C101FEB31E07662000EE8724 /* LaunchScreen.storyboard in Resources */,
				C101FEB01E07662000EE8724 /* Assets.xcassets in Resources */,
				C101FEAE1E07662000EE8724 /* Main.storyboard in Resources */,
			);
			runOnlyForDeploymentPostprocessing = 0;
		};
/* End PBXResourcesBuildPhase section */

/* Begin PBXSourcesBuildPhase section */
		C101FEA11E07662000EE8724 /* Sources */ = {
			isa = PBXSourcesBuildPhase;
			buildActionMask = 2147483647;
			files = (
				C101FEAB1E07662000EE8724 /* RecordSoundsViewController.swift in Sources */,
				C101FEBB1E08BB2200EE8724 /* PlaySoundsViewController.swift in Sources */,
				C101FEA91E07662000EE8724 /* AppDelegate.swift in Sources */,
				C101FEBD1E08DC7200EE8724 /* playsoundsviewcontroller-audio.swift in Sources */,
			);
			runOnlyForDeploymentPostprocessing = 0;
		};
/* End PBXSourcesBuildPhase section */

/* Begin PBXVariantGroup section */
		C101FEAC1E07662000EE8724 /* Main.storyboard */ = {
			isa = PBXVariantGroup;
			children = (
				C101FEAD1E07662000EE8724 /* Base */,
			);
			name = Main.storyboard;
			sourceTree = "<group>";
		};
		C101FEB11E07662000EE8724 /* LaunchScreen.storyboard */ = {
			isa = PBXVariantGroup;
			children = (
				C101FEB21E07662000EE8724 /* Base */,
			);
			name = LaunchScreen.storyboard;
			sourceTree = "<group>";
		};
/* End PBXVariantGroup section */

/* Begin XCBuildConfiguration section */
		C101FEB51E07662000EE8724 /* Debug */ = {
			isa = XCBuildConfiguration;
			buildSettings = {
				ALWAYS_SEARCH_USER_PATHS = NO;
				CLANG_ANALYZER_NONNULL = YES;
				CLANG_CXX_LANGUAGE_STANDARD = "gnu++0x";
				CLANG_CXX_LIBRARY = "libc++";
				CLANG_ENABLE_MODULES = YES;
				CLANG_ENABLE_OBJC_ARC = YES;
				CLANG_WARN_BOOL_CONVERSION = YES;
				CLANG_WARN_CONSTANT_CONVERSION = YES;
				CLANG_WARN_DIRECT_OBJC_ISA_USAGE = YES_ERROR;
				CLANG_WARN_DOCUMENTATION_COMMENTS = YES;
				CLANG_WARN_EMPTY_BODY = YES;
				CLANG_WARN_ENUM_CONVERSION = YES;
				CLANG_WARN_INFINITE_RECURSION = YES;
				CLANG_WARN_INT_CONVERSION = YES;
				CLANG_WARN_OBJC_ROOT_CLASS = YES_ERROR;
				CLANG_WARN_SUSPICIOUS_MOVE = YES;
				CLANG_WARN_UNREACHABLE_CODE = YES;
				CLANG_WARN__DUPLICATE_METHOD_MATCH = YES;
				"CODE_SIGN_IDENTITY[sdk=iphoneos*]" = "iPhone Developer";
				COPY_PHASE_STRIP = NO;
				DEBUG_INFORMATION_FORMAT = dwarf;
				ENABLE_STRICT_OBJC_MSGSEND = YES;
				ENABLE_TESTABILITY = YES;
				GCC_C_LANGUAGE_STANDARD = gnu99;
				GCC_DYNAMIC_NO_PIC = NO;
				GCC_NO_COMMON_BLOCKS = YES;
				GCC_OPTIMIZATION_LEVEL = 0;
				GCC_PREPROCESSOR_DEFINITIONS = (
					"DEBUG=1",
					"$(inherited)",
				);
				GCC_WARN_64_TO_32_BIT_CONVERSION = YES;
				GCC_WARN_ABOUT_RETURN_TYPE = YES_ERROR;
				GCC_WARN_UNDECLARED_SELECTOR = YES;
				GCC_WARN_UNINITIALIZED_AUTOS = YES_AGGRESSIVE;
				GCC_WARN_UNUSED_FUNCTION = YES;
				GCC_WARN_UNUSED_VARIABLE = YES;
				IPHONEOS_DEPLOYMENT_TARGET = 10.2;
				MTL_ENABLE_DEBUG_INFO = YES;
				ONLY_ACTIVE_ARCH = YES;
				SDKROOT = iphoneos;
				SWIFT_ACTIVE_COMPILATION_CONDITIONS = DEBUG;
				SWIFT_OPTIMIZATION_LEVEL = "-Onone";
				TARGETED_DEVICE_FAMILY = "1,2";
			};
			name = Debug;
		};
		C101FEB61E07662000EE8724 /* Release */ = {
			isa = XCBuildConfiguration;
			buildSettings = {
				ALWAYS_SEARCH_USER_PATHS = NO;
				CLANG_ANALYZER_NONNULL = YES;
				CLANG_CXX_LANGUAGE_STANDARD = "gnu++0x";
				CLANG_CXX_LIBRARY = "libc++";
				CLANG_ENABLE_MODULES = YES;
				CLANG_ENABLE_OBJC_ARC = YES;
				CLANG_WARN_BOOL_CONVERSION = YES;
				CLANG_WARN_CONSTANT_CONVERSION = YES;
				CLANG_WARN_DIRECT_OBJC_ISA_USAGE = YES_ERROR;
				CLANG_WARN_DOCUMENTATION_COMMENTS = YES;
				CLANG_WARN_EMPTY_BODY = YES;
				CLANG_WARN_ENUM_CONVERSION = YES;
				CLANG_WARN_INFINITE_RECURSION = YES;
				CLANG_WARN_INT_CONVERSION = YES;
				CLANG_WARN_OBJC_ROOT_CLASS = YES_ERROR;
				CLANG_WARN_SUSPICIOUS_MOVE = YES;
				CLANG_WARN_UNREACHABLE_CODE = YES;
				CLANG_WARN__DUPLICATE_METHOD_MATCH = YES;
				"CODE_SIGN_IDENTITY[sdk=iphoneos*]" = "iPhone Developer";
				COPY_PHASE_STRIP = NO;
				DEBUG_INFORMATION_FORMAT = "dwarf-with-dsym";
				ENABLE_NS_ASSERTIONS = NO;
				ENABLE_STRICT_OBJC_MSGSEND = YES;
				GCC_C_LANGUAGE_STANDARD = gnu99;
				GCC_NO_COMMON_BLOCKS = YES;
				GCC_WARN_64_TO_32_BIT_CONVERSION = YES;
				GCC_WARN_ABOUT_RETURN_TYPE = YES_ERROR;
				GCC_WARN_UNDECLARED_SELECTOR = YES;
				GCC_WARN_UNINITIALIZED_AUTOS = YES_AGGRESSIVE;
				GCC_WARN_UNUSED_FUNCTION = YES;
				GCC_WARN_UNUSED_VARIABLE = YES;
				IPHONEOS_DEPLOYMENT_TARGET = 10.2;
				MTL_ENABLE_DEBUG_INFO = NO;
				SDKROOT = iphoneos;
				SWIFT_OPTIMIZATION_LEVEL = "-Owholemodule";
				TARGETED_DEVICE_FAMILY = "1,2";
				VALIDATE_PRODUCT = YES;
			};
			name = Release;
		};
		C101FEB81E07662000EE8724 /* Debug */ = {
			isa = XCBuildConfiguration;
			buildSettings = {
				ASSETCATALOG_COMPILER_APPICON_NAME = AppIcon;
				DEVELOPMENT_TEAM = DEUE62SGNB;
				INFOPLIST_FILE = "Pitch Perfect/Info.plist";
				IPHONEOS_DEPLOYMENT_TARGET = 10.0;
				LD_RUNPATH_SEARCH_PATHS = "$(inherited) @executable_path/Frameworks";
				PRODUCT_BUNDLE_IDENTIFIER = "wonycott.Pitch-Perfect";
				PRODUCT_NAME = "$(TARGET_NAME)";
				SWIFT_VERSION = 3.0;
				TARGETED_DEVICE_FAMILY = "1,2";
			};
			name = Debug;
		};
		C101FEB91E07662000EE8724 /* Release */ = {
			isa = XCBuildConfiguration;
			buildSettings = {
				ASSETCATALOG_COMPILER_APPICON_NAME = AppIcon;
				DEVELOPMENT_TEAM = DEUE62SGNB;
				INFOPLIST_FILE = "Pitch Perfect/Info.plist";
				IPHONEOS_DEPLOYMENT_TARGET = 10.0;
				LD_RUNPATH_SEARCH_PATHS = "$(inherited) @executable_path/Frameworks";
				PRODUCT_BUNDLE_IDENTIFIER = "wonycott.Pitch-Perfect";
				PRODUCT_NAME = "$(TARGET_NAME)";
				SWIFT_VERSION = 3.0;
				TARGETED_DEVICE_FAMILY = "1,2";
			};
			name = Release;
		};
/* End XCBuildConfiguration section */

/* Begin XCConfigurationList section */
		C101FEA01E07662000EE8724 /* Build configuration list for PBXProject "Pitch Perfect" */ = {
			isa = XCConfigurationList;
			buildConfigurations = (
				C101FEB51E07662000EE8724 /* Debug */,
				C101FEB61E07662000EE8724 /* Release */,
			);
			defaultConfigurationIsVisible = 0;
			defaultConfigurationName = Release;
		};
		C101FEB71E07662000EE8724 /* Build configuration list for PBXNativeTarget "Pitch Perfect" */ = {
			isa = XCConfigurationList;
			buildConfigurations = (
				C101FEB81E07662000EE8724 /* Debug */,
				C101FEB91E07662000EE8724 /* Release */,
			);
			defaultConfigurationIsVisible = 0;
			defaultConfigurationName = Release;
		};
/* End XCConfigurationList section */
	};
	rootObject = C101FE9D1E07662000EE8724 /* Project object */;
}
